
Microsoft Visual Studio Solution File, Format Version 12.00
# Visual Studio 14
VisualStudioVersion = 14.0.25420.1
MinimumVisualStudioVersion = 10.0.40219.1
Project("{8BC9CEB8-8B4A-11D0-8D11-00A0C91BC942}") = "1_278", "278\278.vcxproj", "{67F07149-9E4D-4DC5-A4F8-629BE6EEBF04}"
EndProject
Project("{8BC9CEB8-8B4A-11D0-8D11-00A0C91BC942}") = "1_354", "354\354.vcxproj", "{188C3216-467B-4CED-9111-00699FE8A21A}"
EndProject
Project("{8BC9CEB8-8B4A-11D0-8D11-00A0C91BC942}") = "1_548", "548\548.vcxproj", "{851DE3D5-A7DE-4099-AE32-25AD226AC47B}"
EndProject
Project("{8BC9CEB8-8B4A-11D0-8D11-00A0C91BC942}") = "1_542", "542\542.vcxproj", "{9BD2192A-97EE-41E4-A8F7-E77C4FF55870}"
EndProject
Project("{8BC9CEB8-8B4A-11D0-8D11-00A0C91BC942}") = "2_192", "2_192\2_192.vcxproj", "{C02AE53F-7D79-4254-B5E2-CA1144E5BE6B}"
EndProject
Project("{8BC9CEB8-8B4A-11D0-8D11-00A0C91BC942}") = "2_381", "2_381\2_381.vcxproj", "{540EA367-6E81-420D-B124-4DF7017B05DD}"
EndProject
Project("{8BC9CEB8-8B4A-11D0-8D11-00A0C91BC942}") = "2_556", "2_556\2_556.vcxproj", "{7911FDEC-5157-4D81-9BED-E3D698000D6F}"
EndProject
Project("{8BC9CEB8-8B4A-11D0-8D11-00A0C91BC942}") = "1_359", "359\359.vcxproj", "{90FAA359-C02E-4BBE-B9D0-7C891C5917DF}"
EndProject
Project("{8BC9CEB8-8B4A-11D0-8D11-00A0C91BC942}") = "2_190", "2_190\2_190.vcxproj", "{D2DCFCEB-A611-4592-847B-B2BC5CDB4D29}"
EndProject
Project("{8BC9CEB8-8B4A-11D0-8D11-00A0C91BC942}") = "3_126", "3_126\3_126.vcxproj", "{E504F564-17D8-46AC-AF3B-3BCA5402D236}"
EndProject
Project("{8BC9CEB8-8B4A-11D0-8D11-00A0C91BC942}") = "3_134", "3_134\3_134.vcxproj", "{8CF326F0-113B-470A-A84D-2110D1CC91FD}"
EndProject
Project("{8BC9CEB8-8B4A-11D0-8D11-00A0C91BC942}") = "3_27", "3_27\3_27.vcxproj", "{A5936BCE-D42B-42FC-95BF-A599C7FA8AD8}"
EndProject
Project("{8BC9CEB8-8B4A-11D0-8D11-00A0C91BC942}") = "4_172", "4_172\4_172.vcxproj", "{E8AB5479-2FCE-431B-A8B2-318EE0374CD9}"
EndProject
Project("{8BC9CEB8-8B4A-11D0-8D11-00A0C91BC942}") = "4_174", "4_174\4_174.vcxproj", "{874F6E18-2D1C-441D-BB46-54BD95B9A428}"
EndProject
Project("{8BC9CEB8-8B4A-11D0-8D11-00A0C91BC942}") = "4_207", "4_207\4_207.vcxproj", "{82D06DA8-B36D-4734-8623-ABE71BD3189B}"
EndProject
Project("{8BC9CEB8-8B4A-11D0-8D11-00A0C91BC942}") = "3_438", "3_438\3_438.vcxproj", "{F79C425A-D075-4B3C-B5EC-FFF1C0D27C32}"
EndProject
Project("{8BC9CEB8-8B4A-11D0-8D11-00A0C91BC942}") = "Quiz1_2016_Q3", "Quiz1_2016_Q3\Quiz1_2016_Q3.vcxproj", "{A5B4EF93-1E9E-411C-B2A4-35D4F694FA2E}"
EndProject
Project("{8BC9CEB8-8B4A-11D0-8D11-00A0C91BC942}") = "Quiz1_2016_Q4", "Quiz1_2016_Q4\Quiz1_2016_Q4.vcxproj", "{A251E6D3-385E-400E-B9FE-EAA8D999B9C2}"
EndProject
Project("{8BC9CEB8-8B4A-11D0-8D11-00A0C91BC942}") = "Quiz1_2016_Q2", "Quiz1_2016_Q2\Quiz1_2016_Q2.vcxproj", "{16E4FCFA-CDB0-4068-9BD1-45EA995E2A2A}"
EndProject
Project("{8BC9CEB8-8B4A-11D0-8D11-00A0C91BC942}") = "Quiz1_2015_Q1", "Quiz1_2014_Q1\Quiz1_2014_Q1.vcxproj", "{F746B39A-797A-4001-AE17-AF0B529FCDD4}"
EndProject
Project("{8BC9CEB8-8B4A-11D0-8D11-00A0C91BC942}") = "Quiz1_2015_Q2", "Quiz1_2015_Q2\Quiz1_2015_Q2.vcxproj", "{EF3CB86D-3B93-46B2-B2D0-0A5AC78D1CCA}"
EndProject
Project("{8BC9CEB8-8B4A-11D0-8D11-00A0C91BC942}") = "Quiz1_2015_Q4", "Quiz1_2015_4\Quiz1_2015_4.vcxproj", "{CBBF8F4D-CF25-4E43-AA22-732A902D50D7}"
EndProject
Project("{8BC9CEB8-8B4A-11D0-8D11-00A0C91BC942}") = "5_281", "5_281\5_281.vcxproj", "{9DF8FBDE-7A13-4AA6-AD48-0E716A65BF49}"
EndProject
Project("{8BC9CEB8-8B4A-11D0-8D11-00A0C91BC942}") = "5_9", "5_9\5_9.vcxproj", "{53A4138F-204F-4797-82DA-45D4682E438D}"
EndProject
Project("{8BC9CEB8-8B4A-11D0-8D11-00A0C91BC942}") = "5_329", "5_329\5_329.vcxproj", "{70EF94CF-453D-444A-BB95-D65308C73735}"
EndProject
Project("{8BC9CEB8-8B4A-11D0-8D11-00A0C91BC942}") = "5_217", "5_217\5_217.vcxproj", "{59A0A81F-2E34-4C6A-8295-F29970A9E2DC}"
EndProject
Project("{8BC9CEB8-8B4A-11D0-8D11-00A0C91BC942}") = "7_356", "7_356\7_356.vcxproj", "{BDDC7A4C-60FF-42A7-A435-3A4172BBA17E}"
EndProject
Project("{8BC9CEB8-8B4A-11D0-8D11-00A0C91BC942}") = "7_146", "7_146\7_146.vcxproj", "{BCDBFB21-E715-45E4-B9A2-B5850C86F11E}"
EndProject
Project("{8BC9CEB8-8B4A-11D0-8D11-00A0C91BC942}") = "7_373", "7_373\7_373.vcxproj", "{EA330546-0E65-42F1-A52C-20D6BA3860C4}"
EndProject
Project("{8BC9CEB8-8B4A-11D0-8D11-00A0C91BC942}") = "7_308", "7_308\7_308.vcxproj", "{AF5F3D18-9E45-4541-B313-E07B34ADE065}"
EndProject
Project("{8BC9CEB8-8B4A-11D0-8D11-00A0C91BC942}") = "7_165", "7_165\7_165.vcxproj", "{C97CE5F0-85FA-4FCA-A163-10AE1E58E31A}"
EndProject
Project("{8BC9CEB8-8B4A-11D0-8D11-00A0C91BC942}") = "8_176", "8_176\8_176.vcxproj", "{95702459-4EF1-4ECD-9F67-7A436803E0BB}"
EndProject
Global
	GlobalSection(SolutionConfigurationPlatforms) = preSolution
		Debug|x64 = Debug|x64
		Debug|x86 = Debug|x86
		Release|x64 = Release|x64
		Release|x86 = Release|x86
	EndGlobalSection
	GlobalSection(ProjectConfigurationPlatforms) = postSolution
		{67F07149-9E4D-4DC5-A4F8-629BE6EEBF04}.Debug|x64.ActiveCfg = Debug|x64
		{67F07149-9E4D-4DC5-A4F8-629BE6EEBF04}.Debug|x64.Build.0 = Debug|x64
		{67F07149-9E4D-4DC5-A4F8-629BE6EEBF04}.Debug|x86.ActiveCfg = Debug|Win32
		{67F07149-9E4D-4DC5-A4F8-629BE6EEBF04}.Debug|x86.Build.0 = Debug|Win32
		{67F07149-9E4D-4DC5-A4F8-629BE6EEBF04}.Release|x64.ActiveCfg = Release|x64
		{67F07149-9E4D-4DC5-A4F8-629BE6EEBF04}.Release|x64.Build.0 = Release|x64
		{67F07149-9E4D-4DC5-A4F8-629BE6EEBF04}.Release|x86.ActiveCfg = Release|Win32
		{67F07149-9E4D-4DC5-A4F8-629BE6EEBF04}.Release|x86.Build.0 = Release|Win32
		{188C3216-467B-4CED-9111-00699FE8A21A}.Debug|x64.ActiveCfg = Debug|x64
		{188C3216-467B-4CED-9111-00699FE8A21A}.Debug|x64.Build.0 = Debug|x64
		{188C3216-467B-4CED-9111-00699FE8A21A}.Debug|x86.ActiveCfg = Debug|Win32
		{188C3216-467B-4CED-9111-00699FE8A21A}.Debug|x86.Build.0 = Debug|Win32
		{188C3216-467B-4CED-9111-00699FE8A21A}.Release|x64.ActiveCfg = Release|x64
		{188C3216-467B-4CED-9111-00699FE8A21A}.Release|x64.Build.0 = Release|x64
		{188C3216-467B-4CED-9111-00699FE8A21A}.Release|x86.ActiveCfg = Release|Win32
		{188C3216-467B-4CED-9111-00699FE8A21A}.Release|x86.Build.0 = Release|Win32
		{851DE3D5-A7DE-4099-AE32-25AD226AC47B}.Debug|x64.ActiveCfg = Debug|x64
		{851DE3D5-A7DE-4099-AE32-25AD226AC47B}.Debug|x64.Build.0 = Debug|x64
		{851DE3D5-A7DE-4099-AE32-25AD226AC47B}.Debug|x86.ActiveCfg = Debug|Win32
		{851DE3D5-A7DE-4099-AE32-25AD226AC47B}.Debug|x86.Build.0 = Debug|Win32
		{851DE3D5-A7DE-4099-AE32-25AD226AC47B}.Release|x64.ActiveCfg = Release|x64
		{851DE3D5-A7DE-4099-AE32-25AD226AC47B}.Release|x64.Build.0 = Release|x64
		{851DE3D5-A7DE-4099-AE32-25AD226AC47B}.Release|x86.ActiveCfg = Release|Win32
		{851DE3D5-A7DE-4099-AE32-25AD226AC47B}.Release|x86.Build.0 = Release|Win32
		{9BD2192A-97EE-41E4-A8F7-E77C4FF55870}.Debug|x64.ActiveCfg = Debug|x64
		{9BD2192A-97EE-41E4-A8F7-E77C4FF55870}.Debug|x64.Build.0 = Debug|x64
		{9BD2192A-97EE-41E4-A8F7-E77C4FF55870}.Debug|x86.ActiveCfg = Debug|Win32
		{9BD2192A-97EE-41E4-A8F7-E77C4FF55870}.Debug|x86.Build.0 = Debug|Win32
		{9BD2192A-97EE-41E4-A8F7-E77C4FF55870}.Release|x64.ActiveCfg = Release|x64
		{9BD2192A-97EE-41E4-A8F7-E77C4FF55870}.Release|x64.Build.0 = Release|x64
		{9BD2192A-97EE-41E4-A8F7-E77C4FF55870}.Release|x86.ActiveCfg = Release|Win32
		{9BD2192A-97EE-41E4-A8F7-E77C4FF55870}.Release|x86.Build.0 = Release|Win32
		{C02AE53F-7D79-4254-B5E2-CA1144E5BE6B}.Debug|x64.ActiveCfg = Debug|x64
		{C02AE53F-7D79-4254-B5E2-CA1144E5BE6B}.Debug|x64.Build.0 = Debug|x64
		{C02AE53F-7D79-4254-B5E2-CA1144E5BE6B}.Debug|x86.ActiveCfg = Debug|Win32
		{C02AE53F-7D79-4254-B5E2-CA1144E5BE6B}.Debug|x86.Build.0 = Debug|Win32
		{C02AE53F-7D79-4254-B5E2-CA1144E5BE6B}.Release|x64.ActiveCfg = Release|x64
		{C02AE53F-7D79-4254-B5E2-CA1144E5BE6B}.Release|x64.Build.0 = Release|x64
		{C02AE53F-7D79-4254-B5E2-CA1144E5BE6B}.Release|x86.ActiveCfg = Release|Win32
		{C02AE53F-7D79-4254-B5E2-CA1144E5BE6B}.Release|x86.Build.0 = Release|Win32
		{540EA367-6E81-420D-B124-4DF7017B05DD}.Debug|x64.ActiveCfg = Debug|x64
		{540EA367-6E81-420D-B124-4DF7017B05DD}.Debug|x64.Build.0 = Debug|x64
		{540EA367-6E81-420D-B124-4DF7017B05DD}.Debug|x86.ActiveCfg = Debug|Win32
		{540EA367-6E81-420D-B124-4DF7017B05DD}.Debug|x86.Build.0 = Debug|Win32
		{540EA367-6E81-420D-B124-4DF7017B05DD}.Release|x64.ActiveCfg = Release|x64
		{540EA367-6E81-420D-B124-4DF7017B05DD}.Release|x64.Build.0 = Release|x64
		{540EA367-6E81-420D-B124-4DF7017B05DD}.Release|x86.ActiveCfg = Release|Win32
		{540EA367-6E81-420D-B124-4DF7017B05DD}.Release|x86.Build.0 = Release|Win32
		{7911FDEC-5157-4D81-9BED-E3D698000D6F}.Debug|x64.ActiveCfg = Debug|x64
		{7911FDEC-5157-4D81-9BED-E3D698000D6F}.Debug|x64.Build.0 = Debug|x64
		{7911FDEC-5157-4D81-9BED-E3D698000D6F}.Debug|x86.ActiveCfg = Debug|Win32
		{7911FDEC-5157-4D81-9BED-E3D698000D6F}.Debug|x86.Build.0 = Debug|Win32
		{7911FDEC-5157-4D81-9BED-E3D698000D6F}.Release|x64.ActiveCfg = Release|x64
		{7911FDEC-5157-4D81-9BED-E3D698000D6F}.Release|x64.Build.0 = Release|x64
		{7911FDEC-5157-4D81-9BED-E3D698000D6F}.Release|x86.ActiveCfg = Release|Win32
		{7911FDEC-5157-4D81-9BED-E3D698000D6F}.Release|x86.Build.0 = Release|Win32
		{90FAA359-C02E-4BBE-B9D0-7C891C5917DF}.Debug|x64.ActiveCfg = Debug|x64
		{90FAA359-C02E-4BBE-B9D0-7C891C5917DF}.Debug|x64.Build.0 = Debug|x64
		{90FAA359-C02E-4BBE-B9D0-7C891C5917DF}.Debug|x86.ActiveCfg = Debug|Win32
		{90FAA359-C02E-4BBE-B9D0-7C891C5917DF}.Debug|x86.Build.0 = Debug|Win32
		{90FAA359-C02E-4BBE-B9D0-7C891C5917DF}.Release|x64.ActiveCfg = Release|x64
		{90FAA359-C02E-4BBE-B9D0-7C891C5917DF}.Release|x64.Build.0 = Release|x64
		{90FAA359-C02E-4BBE-B9D0-7C891C5917DF}.Release|x86.ActiveCfg = Release|Win32
		{90FAA359-C02E-4BBE-B9D0-7C891C5917DF}.Release|x86.Build.0 = Release|Win32
		{D2DCFCEB-A611-4592-847B-B2BC5CDB4D29}.Debug|x64.ActiveCfg = Debug|x64
		{D2DCFCEB-A611-4592-847B-B2BC5CDB4D29}.Debug|x64.Build.0 = Debug|x64
		{D2DCFCEB-A611-4592-847B-B2BC5CDB4D29}.Debug|x86.ActiveCfg = Debug|Win32
		{D2DCFCEB-A611-4592-847B-B2BC5CDB4D29}.Debug|x86.Build.0 = Debug|Win32
		{D2DCFCEB-A611-4592-847B-B2BC5CDB4D29}.Release|x64.ActiveCfg = Release|x64
		{D2DCFCEB-A611-4592-847B-B2BC5CDB4D29}.Release|x64.Build.0 = Release|x64
		{D2DCFCEB-A611-4592-847B-B2BC5CDB4D29}.Release|x86.ActiveCfg = Release|Win32
		{D2DCFCEB-A611-4592-847B-B2BC5CDB4D29}.Release|x86.Build.0 = Release|Win32
		{E504F564-17D8-46AC-AF3B-3BCA5402D236}.Debug|x64.ActiveCfg = Debug|x64
		{E504F564-17D8-46AC-AF3B-3BCA5402D236}.Debug|x64.Build.0 = Debug|x64
		{E504F564-17D8-46AC-AF3B-3BCA5402D236}.Debug|x86.ActiveCfg = Debug|Win32
		{E504F564-17D8-46AC-AF3B-3BCA5402D236}.Debug|x86.Build.0 = Debug|Win32
		{E504F564-17D8-46AC-AF3B-3BCA5402D236}.Release|x64.ActiveCfg = Release|x64
		{E504F564-17D8-46AC-AF3B-3BCA5402D236}.Release|x64.Build.0 = Release|x64
		{E504F564-17D8-46AC-AF3B-3BCA5402D236}.Release|x86.ActiveCfg = Release|Win32
		{E504F564-17D8-46AC-AF3B-3BCA5402D236}.Release|x86.Build.0 = Release|Win32
		{8CF326F0-113B-470A-A84D-2110D1CC91FD}.Debug|x64.ActiveCfg = Debug|x64
		{8CF326F0-113B-470A-A84D-2110D1CC91FD}.Debug|x64.Build.0 = Debug|x64
		{8CF326F0-113B-470A-A84D-2110D1CC91FD}.Debug|x86.ActiveCfg = Debug|Win32
		{8CF326F0-113B-470A-A84D-2110D1CC91FD}.Debug|x86.Build.0 = Debug|Win32
		{8CF326F0-113B-470A-A84D-2110D1CC91FD}.Release|x64.ActiveCfg = Release|x64
		{8CF326F0-113B-470A-A84D-2110D1CC91FD}.Release|x64.Build.0 = Release|x64
		{8CF326F0-113B-470A-A84D-2110D1CC91FD}.Release|x86.ActiveCfg = Release|Win32
		{8CF326F0-113B-470A-A84D-2110D1CC91FD}.Release|x86.Build.0 = Release|Win32
		{A5936BCE-D42B-42FC-95BF-A599C7FA8AD8}.Debug|x64.ActiveCfg = Debug|x64
		{A5936BCE-D42B-42FC-95BF-A599C7FA8AD8}.Debug|x64.Build.0 = Debug|x64
		{A5936BCE-D42B-42FC-95BF-A599C7FA8AD8}.Debug|x86.ActiveCfg = Debug|Win32
		{A5936BCE-D42B-42FC-95BF-A599C7FA8AD8}.Debug|x86.Build.0 = Debug|Win32
		{A5936BCE-D42B-42FC-95BF-A599C7FA8AD8}.Release|x64.ActiveCfg = Release|x64
		{A5936BCE-D42B-42FC-95BF-A599C7FA8AD8}.Release|x64.Build.0 = Release|x64
		{A5936BCE-D42B-42FC-95BF-A599C7FA8AD8}.Release|x86.ActiveCfg = Release|Win32
		{A5936BCE-D42B-42FC-95BF-A599C7FA8AD8}.Release|x86.Build.0 = Release|Win32
		{E8AB5479-2FCE-431B-A8B2-318EE0374CD9}.Debug|x64.ActiveCfg = Debug|x64
		{E8AB5479-2FCE-431B-A8B2-318EE0374CD9}.Debug|x64.Build.0 = Debug|x64
		{E8AB5479-2FCE-431B-A8B2-318EE0374CD9}.Debug|x86.ActiveCfg = Debug|Win32
		{E8AB5479-2FCE-431B-A8B2-318EE0374CD9}.Debug|x86.Build.0 = Debug|Win32
		{E8AB5479-2FCE-431B-A8B2-318EE0374CD9}.Release|x64.ActiveCfg = Release|x64
		{E8AB5479-2FCE-431B-A8B2-318EE0374CD9}.Release|x64.Build.0 = Release|x64
		{E8AB5479-2FCE-431B-A8B2-318EE0374CD9}.Release|x86.ActiveCfg = Release|Win32
		{E8AB5479-2FCE-431B-A8B2-318EE0374CD9}.Release|x86.Build.0 = Release|Win32
		{874F6E18-2D1C-441D-BB46-54BD95B9A428}.Debug|x64.ActiveCfg = Debug|x64
		{874F6E18-2D1C-441D-BB46-54BD95B9A428}.Debug|x64.Build.0 = Debug|x64
		{874F6E18-2D1C-441D-BB46-54BD95B9A428}.Debug|x86.ActiveCfg = Debug|Win32
		{874F6E18-2D1C-441D-BB46-54BD95B9A428}.Debug|x86.Build.0 = Debug|Win32
		{874F6E18-2D1C-441D-BB46-54BD95B9A428}.Release|x64.ActiveCfg = Release|x64
		{874F6E18-2D1C-441D-BB46-54BD95B9A428}.Release|x64.Build.0 = Release|x64
		{874F6E18-2D1C-441D-BB46-54BD95B9A428}.Release|x86.ActiveCfg = Release|Win32
		{874F6E18-2D1C-441D-BB46-54BD95B9A428}.Release|x86.Build.0 = Release|Win32
		{82D06DA8-B36D-4734-8623-ABE71BD3189B}.Debug|x64.ActiveCfg = Debug|x64
		{82D06DA8-B36D-4734-8623-ABE71BD3189B}.Debug|x64.Build.0 = Debug|x64
		{82D06DA8-B36D-4734-8623-ABE71BD3189B}.Debug|x86.ActiveCfg = Debug|Win32
		{82D06DA8-B36D-4734-8623-ABE71BD3189B}.Debug|x86.Build.0 = Debug|Win32
		{82D06DA8-B36D-4734-8623-ABE71BD3189B}.Release|x64.ActiveCfg = Release|x64
		{82D06DA8-B36D-4734-8623-ABE71BD3189B}.Release|x64.Build.0 = Release|x64
		{82D06DA8-B36D-4734-8623-ABE71BD3189B}.Release|x86.ActiveCfg = Release|Win32
		{82D06DA8-B36D-4734-8623-ABE71BD3189B}.Release|x86.Build.0 = Release|Win32
		{F79C425A-D075-4B3C-B5EC-FFF1C0D27C32}.Debug|x64.ActiveCfg = Debug|x64
		{F79C425A-D075-4B3C-B5EC-FFF1C0D27C32}.Debug|x64.Build.0 = Debug|x64
		{F79C425A-D075-4B3C-B5EC-FFF1C0D27C32}.Debug|x86.ActiveCfg = Debug|Win32
		{F79C425A-D075-4B3C-B5EC-FFF1C0D27C32}.Debug|x86.Build.0 = Debug|Win32
		{F79C425A-D075-4B3C-B5EC-FFF1C0D27C32}.Release|x64.ActiveCfg = Release|x64
		{F79C425A-D075-4B3C-B5EC-FFF1C0D27C32}.Release|x64.Build.0 = Release|x64
		{F79C425A-D075-4B3C-B5EC-FFF1C0D27C32}.Release|x86.ActiveCfg = Release|Win32
		{F79C425A-D075-4B3C-B5EC-FFF1C0D27C32}.Release|x86.Build.0 = Release|Win32
		{A5B4EF93-1E9E-411C-B2A4-35D4F694FA2E}.Debug|x64.ActiveCfg = Debug|x64
		{A5B4EF93-1E9E-411C-B2A4-35D4F694FA2E}.Debug|x64.Build.0 = Debug|x64
		{A5B4EF93-1E9E-411C-B2A4-35D4F694FA2E}.Debug|x86.ActiveCfg = Debug|Win32
		{A5B4EF93-1E9E-411C-B2A4-35D4F694FA2E}.Debug|x86.Build.0 = Debug|Win32
		{A5B4EF93-1E9E-411C-B2A4-35D4F694FA2E}.Release|x64.ActiveCfg = Release|x64
		{A5B4EF93-1E9E-411C-B2A4-35D4F694FA2E}.Release|x64.Build.0 = Release|x64
		{A5B4EF93-1E9E-411C-B2A4-35D4F694FA2E}.Release|x86.ActiveCfg = Release|Win32
		{A5B4EF93-1E9E-411C-B2A4-35D4F694FA2E}.Release|x86.Build.0 = Release|Win32
		{A251E6D3-385E-400E-B9FE-EAA8D999B9C2}.Debug|x64.ActiveCfg = Debug|x64
		{A251E6D3-385E-400E-B9FE-EAA8D999B9C2}.Debug|x64.Build.0 = Debug|x64
		{A251E6D3-385E-400E-B9FE-EAA8D999B9C2}.Debug|x86.ActiveCfg = Debug|Win32
		{A251E6D3-385E-400E-B9FE-EAA8D999B9C2}.Debug|x86.Build.0 = Debug|Win32
		{A251E6D3-385E-400E-B9FE-EAA8D999B9C2}.Release|x64.ActiveCfg = Release|x64
		{A251E6D3-385E-400E-B9FE-EAA8D999B9C2}.Release|x64.Build.0 = Release|x64
		{A251E6D3-385E-400E-B9FE-EAA8D999B9C2}.Release|x86.ActiveCfg = Release|Win32
		{A251E6D3-385E-400E-B9FE-EAA8D999B9C2}.Release|x86.Build.0 = Release|Win32
		{16E4FCFA-CDB0-4068-9BD1-45EA995E2A2A}.Debug|x64.ActiveCfg = Debug|x64
		{16E4FCFA-CDB0-4068-9BD1-45EA995E2A2A}.Debug|x64.Build.0 = Debug|x64
		{16E4FCFA-CDB0-4068-9BD1-45EA995E2A2A}.Debug|x86.ActiveCfg = Debug|Win32
		{16E4FCFA-CDB0-4068-9BD1-45EA995E2A2A}.Debug|x86.Build.0 = Debug|Win32
		{16E4FCFA-CDB0-4068-9BD1-45EA995E2A2A}.Release|x64.ActiveCfg = Release|x64
		{16E4FCFA-CDB0-4068-9BD1-45EA995E2A2A}.Release|x64.Build.0 = Release|x64
		{16E4FCFA-CDB0-4068-9BD1-45EA995E2A2A}.Release|x86.ActiveCfg = Release|Win32
		{16E4FCFA-CDB0-4068-9BD1-45EA995E2A2A}.Release|x86.Build.0 = Release|Win32
		{F746B39A-797A-4001-AE17-AF0B529FCDD4}.Debug|x64.ActiveCfg = Debug|x64
		{F746B39A-797A-4001-AE17-AF0B529FCDD4}.Debug|x64.Build.0 = Debug|x64
		{F746B39A-797A-4001-AE17-AF0B529FCDD4}.Debug|x86.ActiveCfg = Debug|Win32
		{F746B39A-797A-4001-AE17-AF0B529FCDD4}.Debug|x86.Build.0 = Debug|Win32
		{F746B39A-797A-4001-AE17-AF0B529FCDD4}.Release|x64.ActiveCfg = Release|x64
		{F746B39A-797A-4001-AE17-AF0B529FCDD4}.Release|x64.Build.0 = Release|x64
		{F746B39A-797A-4001-AE17-AF0B529FCDD4}.Release|x86.ActiveCfg = Release|Win32
		{F746B39A-797A-4001-AE17-AF0B529FCDD4}.Release|x86.Build.0 = Release|Win32
		{EF3CB86D-3B93-46B2-B2D0-0A5AC78D1CCA}.Debug|x64.ActiveCfg = Debug|x64
		{EF3CB86D-3B93-46B2-B2D0-0A5AC78D1CCA}.Debug|x64.Build.0 = Debug|x64
		{EF3CB86D-3B93-46B2-B2D0-0A5AC78D1CCA}.Debug|x86.ActiveCfg = Debug|Win32
		{EF3CB86D-3B93-46B2-B2D0-0A5AC78D1CCA}.Debug|x86.Build.0 = Debug|Win32
		{EF3CB86D-3B93-46B2-B2D0-0A5AC78D1CCA}.Release|x64.ActiveCfg = Release|x64
		{EF3CB86D-3B93-46B2-B2D0-0A5AC78D1CCA}.Release|x64.Build.0 = Release|x64
		{EF3CB86D-3B93-46B2-B2D0-0A5AC78D1CCA}.Release|x86.ActiveCfg = Release|Win32
		{EF3CB86D-3B93-46B2-B2D0-0A5AC78D1CCA}.Release|x86.Build.0 = Release|Win32
		{CBBF8F4D-CF25-4E43-AA22-732A902D50D7}.Debug|x64.ActiveCfg = Debug|x64
		{CBBF8F4D-CF25-4E43-AA22-732A902D50D7}.Debug|x64.Build.0 = Debug|x64
		{CBBF8F4D-CF25-4E43-AA22-732A902D50D7}.Debug|x86.ActiveCfg = Debug|Win32
		{CBBF8F4D-CF25-4E43-AA22-732A902D50D7}.Debug|x86.Build.0 = Debug|Win32
		{CBBF8F4D-CF25-4E43-AA22-732A902D50D7}.Release|x64.ActiveCfg = Release|x64
		{CBBF8F4D-CF25-4E43-AA22-732A902D50D7}.Release|x64.Build.0 = Release|x64
		{CBBF8F4D-CF25-4E43-AA22-732A902D50D7}.Release|x86.ActiveCfg = Release|Win32
		{CBBF8F4D-CF25-4E43-AA22-732A902D50D7}.Release|x86.Build.0 = Release|Win32
		{9DF8FBDE-7A13-4AA6-AD48-0E716A65BF49}.Debug|x64.ActiveCfg = Debug|x64
		{9DF8FBDE-7A13-4AA6-AD48-0E716A65BF49}.Debug|x64.Build.0 = Debug|x64
		{9DF8FBDE-7A13-4AA6-AD48-0E716A65BF49}.Debug|x86.ActiveCfg = Debug|Win32
		{9DF8FBDE-7A13-4AA6-AD48-0E716A65BF49}.Debug|x86.Build.0 = Debug|Win32
		{9DF8FBDE-7A13-4AA6-AD48-0E716A65BF49}.Release|x64.ActiveCfg = Release|x64
		{9DF8FBDE-7A13-4AA6-AD48-0E716A65BF49}.Release|x64.Build.0 = Release|x64
		{9DF8FBDE-7A13-4AA6-AD48-0E716A65BF49}.Release|x86.ActiveCfg = Release|Win32
		{9DF8FBDE-7A13-4AA6-AD48-0E716A65BF49}.Release|x86.Build.0 = Release|Win32
		{53A4138F-204F-4797-82DA-45D4682E438D}.Debug|x64.ActiveCfg = Debug|x64
		{53A4138F-204F-4797-82DA-45D4682E438D}.Debug|x64.Build.0 = Debug|x64
		{53A4138F-204F-4797-82DA-45D4682E438D}.Debug|x86.ActiveCfg = Debug|Win32
		{53A4138F-204F-4797-82DA-45D4682E438D}.Debug|x86.Build.0 = Debug|Win32
		{53A4138F-204F-4797-82DA-45D4682E438D}.Release|x64.ActiveCfg = Release|x64
		{53A4138F-204F-4797-82DA-45D4682E438D}.Release|x64.Build.0 = Release|x64
		{53A4138F-204F-4797-82DA-45D4682E438D}.Release|x86.ActiveCfg = Release|Win32
		{53A4138F-204F-4797-82DA-45D4682E438D}.Release|x86.Build.0 = Release|Win32
		{70EF94CF-453D-444A-BB95-D65308C73735}.Debug|x64.ActiveCfg = Debug|x64
		{70EF94CF-453D-444A-BB95-D65308C73735}.Debug|x64.Build.0 = Debug|x64
		{70EF94CF-453D-444A-BB95-D65308C73735}.Debug|x86.ActiveCfg = Debug|Win32
		{70EF94CF-453D-444A-BB95-D65308C73735}.Debug|x86.Build.0 = Debug|Win32
		{70EF94CF-453D-444A-BB95-D65308C73735}.Release|x64.ActiveCfg = Release|x64
		{70EF94CF-453D-444A-BB95-D65308C73735}.Release|x64.Build.0 = Release|x64
		{70EF94CF-453D-444A-BB95-D65308C73735}.Release|x86.ActiveCfg = Release|Win32
		{70EF94CF-453D-444A-BB95-D65308C73735}.Release|x86.Build.0 = Release|Win32
		{59A0A81F-2E34-4C6A-8295-F29970A9E2DC}.Debug|x64.ActiveCfg = Debug|x64
		{59A0A81F-2E34-4C6A-8295-F29970A9E2DC}.Debug|x64.Build.0 = Debug|x64
		{59A0A81F-2E34-4C6A-8295-F29970A9E2DC}.Debug|x86.ActiveCfg = Debug|Win32
		{59A0A81F-2E34-4C6A-8295-F29970A9E2DC}.Debug|x86.Build.0 = Debug|Win32
		{59A0A81F-2E34-4C6A-8295-F29970A9E2DC}.Release|x64.ActiveCfg = Release|x64
		{59A0A81F-2E34-4C6A-8295-F29970A9E2DC}.Release|x64.Build.0 = Release|x64
		{59A0A81F-2E34-4C6A-8295-F29970A9E2DC}.Release|x86.ActiveCfg = Release|Win32
		{59A0A81F-2E34-4C6A-8295-F29970A9E2DC}.Release|x86.Build.0 = Release|Win32
		{BDDC7A4C-60FF-42A7-A435-3A4172BBA17E}.Debug|x64.ActiveCfg = Debug|x64
		{BDDC7A4C-60FF-42A7-A435-3A4172BBA17E}.Debug|x64.Build.0 = Debug|x64
		{BDDC7A4C-60FF-42A7-A435-3A4172BBA17E}.Debug|x86.ActiveCfg = Debug|Win32
		{BDDC7A4C-60FF-42A7-A435-3A4172BBA17E}.Debug|x86.Build.0 = Debug|Win32
		{BDDC7A4C-60FF-42A7-A435-3A4172BBA17E}.Release|x64.ActiveCfg = Release|x64
		{BDDC7A4C-60FF-42A7-A435-3A4172BBA17E}.Release|x64.Build.0 = Release|x64
		{BDDC7A4C-60FF-42A7-A435-3A4172BBA17E}.Release|x86.ActiveCfg = Release|Win32
		{BDDC7A4C-60FF-42A7-A435-3A4172BBA17E}.Release|x86.Build.0 = Release|Win32
		{BCDBFB21-E715-45E4-B9A2-B5850C86F11E}.Debug|x64.ActiveCfg = Debug|x64
		{BCDBFB21-E715-45E4-B9A2-B5850C86F11E}.Debug|x64.Build.0 = Debug|x64
		{BCDBFB21-E715-45E4-B9A2-B5850C86F11E}.Debug|x86.ActiveCfg = Debug|Win32
		{BCDBFB21-E715-45E4-B9A2-B5850C86F11E}.Debug|x86.Build.0 = Debug|Win32
		{BCDBFB21-E715-45E4-B9A2-B5850C86F11E}.Release|x64.ActiveCfg = Release|x64
		{BCDBFB21-E715-45E4-B9A2-B5850C86F11E}.Release|x64.Build.0 = Release|x64
		{BCDBFB21-E715-45E4-B9A2-B5850C86F11E}.Release|x86.ActiveCfg = Release|Win32
		{BCDBFB21-E715-45E4-B9A2-B5850C86F11E}.Release|x86.Build.0 = Release|Win32
		{EA330546-0E65-42F1-A52C-20D6BA3860C4}.Debug|x64.ActiveCfg = Debug|x64
		{EA330546-0E65-42F1-A52C-20D6BA3860C4}.Debug|x64.Build.0 = Debug|x64
		{EA330546-0E65-42F1-A52C-20D6BA3860C4}.Debug|x86.ActiveCfg = Debug|Win32
		{EA330546-0E65-42F1-A52C-20D6BA3860C4}.Debug|x86.Build.0 = Debug|Win32
		{EA330546-0E65-42F1-A52C-20D6BA3860C4}.Release|x64.ActiveCfg = Release|x64
		{EA330546-0E65-42F1-A52C-20D6BA3860C4}.Release|x64.Build.0 = Release|x64
		{EA330546-0E65-42F1-A52C-20D6BA3860C4}.Release|x86.ActiveCfg = Release|Win32
		{EA330546-0E65-42F1-A52C-20D6BA3860C4}.Release|x86.Build.0 = Release|Win32
		{AF5F3D18-9E45-4541-B313-E07B34ADE065}.Debug|x64.ActiveCfg = Debug|x64
		{AF5F3D18-9E45-4541-B313-E07B34ADE065}.Debug|x64.Build.0 = Debug|x64
		{AF5F3D18-9E45-4541-B313-E07B34ADE065}.Debug|x86.ActiveCfg = Debug|Win32
		{AF5F3D18-9E45-4541-B313-E07B34ADE065}.Debug|x86.Build.0 = Debug|Win32
		{AF5F3D18-9E45-4541-B313-E07B34ADE065}.Release|x64.ActiveCfg = Release|x64
		{AF5F3D18-9E45-4541-B313-E07B34ADE065}.Release|x64.Build.0 = Release|x64
		{AF5F3D18-9E45-4541-B313-E07B34ADE065}.Release|x86.ActiveCfg = Release|Win32
		{AF5F3D18-9E45-4541-B313-E07B34ADE065}.Release|x86.Build.0 = Release|Win32
		{C97CE5F0-85FA-4FCA-A163-10AE1E58E31A}.Debug|x64.ActiveCfg = Debug|x64
		{C97CE5F0-85FA-4FCA-A163-10AE1E58E31A}.Debug|x64.Build.0 = Debug|x64
		{C97CE5F0-85FA-4FCA-A163-10AE1E58E31A}.Debug|x86.ActiveCfg = Debug|Win32
		{C97CE5F0-85FA-4FCA-A163-10AE1E58E31A}.Debug|x86.Build.0 = Debug|Win32
		{C97CE5F0-85FA-4FCA-A163-10AE1E58E31A}.Release|x64.ActiveCfg = Release|x64
		{C97CE5F0-85FA-4FCA-A163-10AE1E58E31A}.Release|x64.Build.0 = Release|x64
		{C97CE5F0-85FA-4FCA-A163-10AE1E58E31A}.Release|x86.ActiveCfg = Release|Win32
		{C97CE5F0-85FA-4FCA-A163-10AE1E58E31A}.Release|x86.Build.0 = Release|Win32
		{95702459-4EF1-4ECD-9F67-7A436803E0BB}.Debug|x64.ActiveCfg = Debug|x64
		{95702459-4EF1-4ECD-9F67-7A436803E0BB}.Debug|x64.Build.0 = Debug|x64
		{95702459-4EF1-4ECD-9F67-7A436803E0BB}.Debug|x86.ActiveCfg = Debug|Win32
		{95702459-4EF1-4ECD-9F67-7A436803E0BB}.Debug|x86.Build.0 = Debug|Win32
		{95702459-4EF1-4ECD-9F67-7A436803E0BB}.Release|x64.ActiveCfg = Release|x64
		{95702459-4EF1-4ECD-9F67-7A436803E0BB}.Release|x64.Build.0 = Release|x64
		{95702459-4EF1-4ECD-9F67-7A436803E0BB}.Release|x86.ActiveCfg = Release|Win32
		{95702459-4EF1-4ECD-9F67-7A436803E0BB}.Release|x86.Build.0 = Release|Win32
	EndGlobalSection
	GlobalSection(SolutionProperties) = preSolution
		HideSolutionNode = FALSE
	EndGlobalSection
EndGlobal
