
Microsoft Visual Studio Solution File, Format Version 12.00
# Visual Studio 14
VisualStudioVersion = 14.0.25420.1
MinimumVisualStudioVersion = 10.0.40219.1
Project("{8BC9CEB8-8B4A-11D0-8D11-00A0C91BC942}") = "1_278", "278\278.vcxproj", "{67F07149-9E4D-4DC5-A4F8-629BE6EEBF04}"
EndProject
Project("{8BC9CEB8-8B4A-11D0-8D11-00A0C91BC942}") = "1_354", "354\354.vcxproj", "{188C3216-467B-4CED-9111-00699FE8A21A}"
EndProject
Project("{8BC9CEB8-8B4A-11D0-8D11-00A0C91BC942}") = "1_548", "548\548.vcxproj", "{851DE3D5-A7DE-4099-AE32-25AD226AC47B}"
EndProject
Project("{8BC9CEB8-8B4A-11D0-8D11-00A0C91BC942}") = "1_542", "542\542.vcxproj", "{9BD2192A-97EE-41E4-A8F7-E77C4FF55870}"
EndProject
Project("{8BC9CEB8-8B4A-11D0-8D11-00A0C91BC942}") = "2_192", "2_192\2_192.vcxproj", "{C02AE53F-7D79-4254-B5E2-CA1144E5BE6B}"
EndProject
Project("{8BC9CEB8-8B4A-11D0-8D11-00A0C91BC942}") = "2_381", "2_381\2_381.vcxproj", "{540EA367-6E81-420D-B124-4DF7017B05DD}"
EndProject
Project("{8BC9CEB8-8B4A-11D0-8D11-00A0C91BC942}") = "2_556", "2_556\2_556.vcxproj", "{7911FDEC-5157-4D81-9BED-E3D698000D6F}"
EndProject
Project("{8BC9CEB8-8B4A-11D0-8D11-00A0C91BC942}") = "1_359", "359\359.vcxproj", "{90FAA359-C02E-4BBE-B9D0-7C891C5917DF}"
EndProject
Project("{8BC9CEB8-8B4A-11D0-8D11-00A0C91BC942}") = "2_190", "2_190\2_190.vcxproj", "{D2DCFCEB-A611-4592-847B-B2BC5CDB4D29}"
EndProject
Project("{8BC9CEB8-8B4A-11D0-8D11-00A0C91BC942}") = "3_126", "3_126\3_126.vcxproj", "{E504F564-17D8-46AC-AF3B-3BCA5402D236}"
EndProject
Project("{8BC9CEB8-8B4A-11D0-8D11-00A0C91BC942}") = "3_134", "3_134\3_134.vcxproj", "{8CF326F0-113B-470A-A84D-2110D1CC91FD}"
EndProject
Project("{8BC9CEB8-8B4A-11D0-8D11-00A0C91BC942}") = "3_27", "3_27\3_27.vcxproj", "{A5936BCE-D42B-42FC-95BF-A599C7FA8AD8}"
EndProject
Project("{8BC9CEB8-8B4A-11D0-8D11-00A0C91BC942}") = "4_172", "4_172\4_172.vcxproj", "{E8AB5479-2FCE-431B-A8B2-318EE0374CD9}"
EndProject
Project("{8BC9CEB8-8B4A-11D0-8D11-00A0C91BC942}") = "4_174", "4_174\4_174.vcxproj", "{874F6E18-2D1C-441D-BB46-54BD95B9A428}"
EndProject
Project("{8BC9CEB8-8B4A-11D0-8D11-00A0C91BC942}") = "4_207", "4_207\4_207.vcxproj", "{82D06DA8-B36D-4734-8623-ABE71BD3189B}"
EndProject
Project("{8BC9CEB8-8B4A-11D0-8D11-00A0C91BC942}") = "3_438", "3_438\3_438.vcxproj", "{F79C425A-D075-4B3C-B5EC-FFF1C0D27C32}"
EndProject
Global
	GlobalSection(SolutionConfigurationPlatforms) = preSolution
		Debug|x64 = Debug|x64
		Debug|x86 = Debug|x86
		Release|x64 = Release|x64
		Release|x86 = Release|x86
	EndGlobalSection
	GlobalSection(ProjectConfigurationPlatforms) = postSolution
		{67F07149-9E4D-4DC5-A4F8-629BE6EEBF04}.Debug|x64.ActiveCfg = Debug|x64
		{67F07149-9E4D-4DC5-A4F8-629BE6EEBF04}.Debug|x64.Build.0 = Debug|x64
		{67F07149-9E4D-4DC5-A4F8-629BE6EEBF04}.Debug|x86.ActiveCfg = Debug|Win32
		{67F07149-9E4D-4DC5-A4F8-629BE6EEBF04}.Debug|x86.Build.0 = Debug|Win32
		{67F07149-9E4D-4DC5-A4F8-629BE6EEBF04}.Release|x64.ActiveCfg = Release|x64
		{67F07149-9E4D-4DC5-A4F8-629BE6EEBF04}.Release|x64.Build.0 = Release|x64
		{67F07149-9E4D-4DC5-A4F8-629BE6EEBF04}.Release|x86.ActiveCfg = Release|Win32
		{67F07149-9E4D-4DC5-A4F8-629BE6EEBF04}.Release|x86.Build.0 = Release|Win32
		{188C3216-467B-4CED-9111-00699FE8A21A}.Debug|x64.ActiveCfg = Debug|x64
		{188C3216-467B-4CED-9111-00699FE8A21A}.Debug|x64.Build.0 = Debug|x64
		{188C3216-467B-4CED-9111-00699FE8A21A}.Debug|x86.ActiveCfg = Debug|Win32
		{188C3216-467B-4CED-9111-00699FE8A21A}.Debug|x86.Build.0 = Debug|Win32
		{188C3216-467B-4CED-9111-00699FE8A21A}.Release|x64.ActiveCfg = Release|x64
		{188C3216-467B-4CED-9111-00699FE8A21A}.Release|x64.Build.0 = Release|x64
		{188C3216-467B-4CED-9111-00699FE8A21A}.Release|x86.ActiveCfg = Release|Win32
		{188C3216-467B-4CED-9111-00699FE8A21A}.Release|x86.Build.0 = Release|Win32
		{851DE3D5-A7DE-4099-AE32-25AD226AC47B}.Debug|x64.ActiveCfg = Debug|x64
		{851DE3D5-A7DE-4099-AE32-25AD226AC47B}.Debug|x64.Build.0 = Debug|x64
		{851DE3D5-A7DE-4099-AE32-25AD226AC47B}.Debug|x86.ActiveCfg = Debug|Win32
		{851DE3D5-A7DE-4099-AE32-25AD226AC47B}.Debug|x86.Build.0 = Debug|Win32
		{851DE3D5-A7DE-4099-AE32-25AD226AC47B}.Release|x64.ActiveCfg = Release|x64
		{851DE3D5-A7DE-4099-AE32-25AD226AC47B}.Release|x64.Build.0 = Release|x64
		{851DE3D5-A7DE-4099-AE32-25AD226AC47B}.Release|x86.ActiveCfg = Release|Win32
		{851DE3D5-A7DE-4099-AE32-25AD226AC47B}.Release|x86.Build.0 = Release|Win32
		{9BD2192A-97EE-41E4-A8F7-E77C4FF55870}.Debug|x64.ActiveCfg = Debug|x64
		{9BD2192A-97EE-41E4-A8F7-E77C4FF55870}.Debug|x64.Build.0 = Debug|x64
		{9BD2192A-97EE-41E4-A8F7-E77C4FF55870}.Debug|x86.ActiveCfg = Debug|Win32
		{9BD2192A-97EE-41E4-A8F7-E77C4FF55870}.Debug|x86.Build.0 = Debug|Win32
		{9BD2192A-97EE-41E4-A8F7-E77C4FF55870}.Release|x64.ActiveCfg = Release|x64
		{9BD2192A-97EE-41E4-A8F7-E77C4FF55870}.Release|x64.Build.0 = Release|x64
		{9BD2192A-97EE-41E4-A8F7-E77C4FF55870}.Release|x86.ActiveCfg = Release|Win32
		{9BD2192A-97EE-41E4-A8F7-E77C4FF55870}.Release|x86.Build.0 = Release|Win32
		{C02AE53F-7D79-4254-B5E2-CA1144E5BE6B}.Debug|x64.ActiveCfg = Debug|x64
		{C02AE53F-7D79-4254-B5E2-CA1144E5BE6B}.Debug|x64.Build.0 = Debug|x64
		{C02AE53F-7D79-4254-B5E2-CA1144E5BE6B}.Debug|x86.ActiveCfg = Debug|Win32
		{C02AE53F-7D79-4254-B5E2-CA1144E5BE6B}.Debug|x86.Build.0 = Debug|Win32
		{C02AE53F-7D79-4254-B5E2-CA1144E5BE6B}.Release|x64.ActiveCfg = Release|x64
		{C02AE53F-7D79-4254-B5E2-CA1144E5BE6B}.Release|x64.Build.0 = Release|x64
		{C02AE53F-7D79-4254-B5E2-CA1144E5BE6B}.Release|x86.ActiveCfg = Release|Win32
		{C02AE53F-7D79-4254-B5E2-CA1144E5BE6B}.Release|x86.Build.0 = Release|Win32
		{540EA367-6E81-420D-B124-4DF7017B05DD}.Debug|x64.ActiveCfg = Debug|x64
		{540EA367-6E81-420D-B124-4DF7017B05DD}.Debug|x64.Build.0 = Debug|x64
		{540EA367-6E81-420D-B124-4DF7017B05DD}.Debug|x86.ActiveCfg = Debug|Win32
		{540EA367-6E81-420D-B124-4DF7017B05DD}.Debug|x86.Build.0 = Debug|Win32
		{540EA367-6E81-420D-B124-4DF7017B05DD}.Release|x64.ActiveCfg = Release|x64
		{540EA367-6E81-420D-B124-4DF7017B05DD}.Release|x64.Build.0 = Release|x64
		{540EA367-6E81-420D-B124-4DF7017B05DD}.Release|x86.ActiveCfg = Release|Win32
		{540EA367-6E81-420D-B124-4DF7017B05DD}.Release|x86.Build.0 = Release|Win32
		{7911FDEC-5157-4D81-9BED-E3D698000D6F}.Debug|x64.ActiveCfg = Debug|x64
		{7911FDEC-5157-4D81-9BED-E3D698000D6F}.Debug|x64.Build.0 = Debug|x64
		{7911FDEC-5157-4D81-9BED-E3D698000D6F}.Debug|x86.ActiveCfg = Debug|Win32
		{7911FDEC-5157-4D81-9BED-E3D698000D6F}.Debug|x86.Build.0 = Debug|Win32
		{7911FDEC-5157-4D81-9BED-E3D698000D6F}.Release|x64.ActiveCfg = Release|x64
		{7911FDEC-5157-4D81-9BED-E3D698000D6F}.Release|x64.Build.0 = Release|x64
		{7911FDEC-5157-4D81-9BED-E3D698000D6F}.Release|x86.ActiveCfg = Release|Win32
		{7911FDEC-5157-4D81-9BED-E3D698000D6F}.Release|x86.Build.0 = Release|Win32
		{90FAA359-C02E-4BBE-B9D0-7C891C5917DF}.Debug|x64.ActiveCfg = Debug|x64
		{90FAA359-C02E-4BBE-B9D0-7C891C5917DF}.Debug|x64.Build.0 = Debug|x64
		{90FAA359-C02E-4BBE-B9D0-7C891C5917DF}.Debug|x86.ActiveCfg = Debug|Win32
		{90FAA359-C02E-4BBE-B9D0-7C891C5917DF}.Debug|x86.Build.0 = Debug|Win32
		{90FAA359-C02E-4BBE-B9D0-7C891C5917DF}.Release|x64.ActiveCfg = Release|x64
		{90FAA359-C02E-4BBE-B9D0-7C891C5917DF}.Release|x64.Build.0 = Release|x64
		{90FAA359-C02E-4BBE-B9D0-7C891C5917DF}.Release|x86.ActiveCfg = Release|Win32
		{90FAA359-C02E-4BBE-B9D0-7C891C5917DF}.Release|x86.Build.0 = Release|Win32
		{D2DCFCEB-A611-4592-847B-B2BC5CDB4D29}.Debug|x64.ActiveCfg = Debug|x64
		{D2DCFCEB-A611-4592-847B-B2BC5CDB4D29}.Debug|x64.Build.0 = Debug|x64
		{D2DCFCEB-A611-4592-847B-B2BC5CDB4D29}.Debug|x86.ActiveCfg = Debug|Win32
		{D2DCFCEB-A611-4592-847B-B2BC5CDB4D29}.Debug|x86.Build.0 = Debug|Win32
		{D2DCFCEB-A611-4592-847B-B2BC5CDB4D29}.Release|x64.ActiveCfg = Release|x64
		{D2DCFCEB-A611-4592-847B-B2BC5CDB4D29}.Release|x64.Build.0 = Release|x64
		{D2DCFCEB-A611-4592-847B-B2BC5CDB4D29}.Release|x86.ActiveCfg = Release|Win32
		{D2DCFCEB-A611-4592-847B-B2BC5CDB4D29}.Release|x86.Build.0 = Release|Win32
		{E504F564-17D8-46AC-AF3B-3BCA5402D236}.Debug|x64.ActiveCfg = Debug|x64
		{E504F564-17D8-46AC-AF3B-3BCA5402D236}.Debug|x64.Build.0 = Debug|x64
		{E504F564-17D8-46AC-AF3B-3BCA5402D236}.Debug|x86.ActiveCfg = Debug|Win32
		{E504F564-17D8-46AC-AF3B-3BCA5402D236}.Debug|x86.Build.0 = Debug|Win32
		{E504F564-17D8-46AC-AF3B-3BCA5402D236}.Release|x64.ActiveCfg = Release|x64
		{E504F564-17D8-46AC-AF3B-3BCA5402D236}.Release|x64.Build.0 = Release|x64
		{E504F564-17D8-46AC-AF3B-3BCA5402D236}.Release|x86.ActiveCfg = Release|Win32
		{E504F564-17D8-46AC-AF3B-3BCA5402D236}.Release|x86.Build.0 = Release|Win32
		{8CF326F0-113B-470A-A84D-2110D1CC91FD}.Debug|x64.ActiveCfg = Debug|x64
		{8CF326F0-113B-470A-A84D-2110D1CC91FD}.Debug|x64.Build.0 = Debug|x64
		{8CF326F0-113B-470A-A84D-2110D1CC91FD}.Debug|x86.ActiveCfg = Debug|Win32
		{8CF326F0-113B-470A-A84D-2110D1CC91FD}.Debug|x86.Build.0 = Debug|Win32
		{8CF326F0-113B-470A-A84D-2110D1CC91FD}.Release|x64.ActiveCfg = Release|x64
		{8CF326F0-113B-470A-A84D-2110D1CC91FD}.Release|x64.Build.0 = Release|x64
		{8CF326F0-113B-470A-A84D-2110D1CC91FD}.Release|x86.ActiveCfg = Release|Win32
		{8CF326F0-113B-470A-A84D-2110D1CC91FD}.Release|x86.Build.0 = Release|Win32
		{A5936BCE-D42B-42FC-95BF-A599C7FA8AD8}.Debug|x64.ActiveCfg = Debug|x64
		{A5936BCE-D42B-42FC-95BF-A599C7FA8AD8}.Debug|x64.Build.0 = Debug|x64
		{A5936BCE-D42B-42FC-95BF-A599C7FA8AD8}.Debug|x86.ActiveCfg = Debug|Win32
		{A5936BCE-D42B-42FC-95BF-A599C7FA8AD8}.Debug|x86.Build.0 = Debug|Win32
		{A5936BCE-D42B-42FC-95BF-A599C7FA8AD8}.Release|x64.ActiveCfg = Release|x64
		{A5936BCE-D42B-42FC-95BF-A599C7FA8AD8}.Release|x64.Build.0 = Release|x64
		{A5936BCE-D42B-42FC-95BF-A599C7FA8AD8}.Release|x86.ActiveCfg = Release|Win32
		{A5936BCE-D42B-42FC-95BF-A599C7FA8AD8}.Release|x86.Build.0 = Release|Win32
		{E8AB5479-2FCE-431B-A8B2-318EE0374CD9}.Debug|x64.ActiveCfg = Debug|x64
		{E8AB5479-2FCE-431B-A8B2-318EE0374CD9}.Debug|x64.Build.0 = Debug|x64
		{E8AB5479-2FCE-431B-A8B2-318EE0374CD9}.Debug|x86.ActiveCfg = Debug|Win32
		{E8AB5479-2FCE-431B-A8B2-318EE0374CD9}.Debug|x86.Build.0 = Debug|Win32
		{E8AB5479-2FCE-431B-A8B2-318EE0374CD9}.Release|x64.ActiveCfg = Release|x64
		{E8AB5479-2FCE-431B-A8B2-318EE0374CD9}.Release|x64.Build.0 = Release|x64
		{E8AB5479-2FCE-431B-A8B2-318EE0374CD9}.Release|x86.ActiveCfg = Release|Win32
		{E8AB5479-2FCE-431B-A8B2-318EE0374CD9}.Release|x86.Build.0 = Release|Win32
		{874F6E18-2D1C-441D-BB46-54BD95B9A428}.Debug|x64.ActiveCfg = Debug|x64
		{874F6E18-2D1C-441D-BB46-54BD95B9A428}.Debug|x64.Build.0 = Debug|x64
		{874F6E18-2D1C-441D-BB46-54BD95B9A428}.Debug|x86.ActiveCfg = Debug|Win32
		{874F6E18-2D1C-441D-BB46-54BD95B9A428}.Debug|x86.Build.0 = Debug|Win32
		{874F6E18-2D1C-441D-BB46-54BD95B9A428}.Release|x64.ActiveCfg = Release|x64
		{874F6E18-2D1C-441D-BB46-54BD95B9A428}.Release|x64.Build.0 = Release|x64
		{874F6E18-2D1C-441D-BB46-54BD95B9A428}.Release|x86.ActiveCfg = Release|Win32
		{874F6E18-2D1C-441D-BB46-54BD95B9A428}.Release|x86.Build.0 = Release|Win32
		{82D06DA8-B36D-4734-8623-ABE71BD3189B}.Debug|x64.ActiveCfg = Debug|x64
		{82D06DA8-B36D-4734-8623-ABE71BD3189B}.Debug|x64.Build.0 = Debug|x64
		{82D06DA8-B36D-4734-8623-ABE71BD3189B}.Debug|x86.ActiveCfg = Debug|Win32
		{82D06DA8-B36D-4734-8623-ABE71BD3189B}.Debug|x86.Build.0 = Debug|Win32
		{82D06DA8-B36D-4734-8623-ABE71BD3189B}.Release|x64.ActiveCfg = Release|x64
		{82D06DA8-B36D-4734-8623-ABE71BD3189B}.Release|x64.Build.0 = Release|x64
		{82D06DA8-B36D-4734-8623-ABE71BD3189B}.Release|x86.ActiveCfg = Release|Win32
		{82D06DA8-B36D-4734-8623-ABE71BD3189B}.Release|x86.Build.0 = Release|Win32
		{F79C425A-D075-4B3C-B5EC-FFF1C0D27C32}.Debug|x64.ActiveCfg = Debug|x64
		{F79C425A-D075-4B3C-B5EC-FFF1C0D27C32}.Debug|x64.Build.0 = Debug|x64
		{F79C425A-D075-4B3C-B5EC-FFF1C0D27C32}.Debug|x86.ActiveCfg = Debug|Win32
		{F79C425A-D075-4B3C-B5EC-FFF1C0D27C32}.Debug|x86.Build.0 = Debug|Win32
		{F79C425A-D075-4B3C-B5EC-FFF1C0D27C32}.Release|x64.ActiveCfg = Release|x64
		{F79C425A-D075-4B3C-B5EC-FFF1C0D27C32}.Release|x64.Build.0 = Release|x64
		{F79C425A-D075-4B3C-B5EC-FFF1C0D27C32}.Release|x86.ActiveCfg = Release|Win32
		{F79C425A-D075-4B3C-B5EC-FFF1C0D27C32}.Release|x86.Build.0 = Release|Win32
	EndGlobalSection
	GlobalSection(SolutionProperties) = preSolution
		HideSolutionNode = FALSE
	EndGlobalSection
EndGlobal
